
Microsoft Visual Studio Solution File, Format Version 12.00
# Visual Studio Version 17
VisualStudioVersion = 17.13.35605.110
MinimumVisualStudioVersion = 10.0.40219.1
Project("{FAE04EC0-301F-11D3-BF4B-00C04F79EFBC}") = "CoreFoody.EntityLayer", "CoreFoody.EntityLayer\CoreFoody.EntityLayer.csproj", "{C5506B7A-7908-48E4-9716-8FC0DD4F24FE}"
EndProject
Project("{FAE04EC0-301F-11D3-BF4B-00C04F79EFBC}") = "CoreFoody.DataAccessLayer", "CoreFoody.DataAccessLayer\CoreFoody.DataAccessLayer.csproj", "{3B7BD84E-7959-4B9C-A923-3250D123B3AE}"
EndProject
Project("{FAE04EC0-301F-11D3-BF4B-00C04F79EFBC}") = "CoreFoody.BusinessLayer", "CoreFoody.BusinessLayer\CoreFoody.BusinessLayer.csproj", "{6D948DA8-668E-4783-A4B2-31FD8BFF0581}"
EndProject
Global
	GlobalSection(SolutionConfigurationPlatforms) = preSolution
		Debug|Any CPU = Debug|Any CPU
		Release|Any CPU = Release|Any CPU
	EndGlobalSection
	GlobalSection(ProjectConfigurationPlatforms) = postSolution
		{C5506B7A-7908-48E4-9716-8FC0DD4F24FE}.Debug|Any CPU.ActiveCfg = Debug|Any CPU
		{C5506B7A-7908-48E4-9716-8FC0DD4F24FE}.Debug|Any CPU.Build.0 = Debug|Any CPU
		{C5506B7A-7908-48E4-9716-8FC0DD4F24FE}.Release|Any CPU.ActiveCfg = Release|Any CPU
		{C5506B7A-7908-48E4-9716-8FC0DD4F24FE}.Release|Any CPU.Build.0 = Release|Any CPU
		{3B7BD84E-7959-4B9C-A923-3250D123B3AE}.Debug|Any CPU.ActiveCfg = Debug|Any CPU
		{3B7BD84E-7959-4B9C-A923-3250D123B3AE}.Debug|Any CPU.Build.0 = Debug|Any CPU
		{3B7BD84E-7959-4B9C-A923-3250D123B3AE}.Release|Any CPU.ActiveCfg = Release|Any CPU
		{3B7BD84E-7959-4B9C-A923-3250D123B3AE}.Release|Any CPU.Build.0 = Release|Any CPU
		{6D948DA8-668E-4783-A4B2-31FD8BFF0581}.Debug|Any CPU.ActiveCfg = Debug|Any CPU
		{6D948DA8-668E-4783-A4B2-31FD8BFF0581}.Debug|Any CPU.Build.0 = Debug|Any CPU
		{6D948DA8-668E-4783-A4B2-31FD8BFF0581}.Release|Any CPU.ActiveCfg = Release|Any CPU
		{6D948DA8-668E-4783-A4B2-31FD8BFF0581}.Release|Any CPU.Build.0 = Release|Any CPU
	EndGlobalSection
	GlobalSection(SolutionProperties) = preSolution
		HideSolutionNode = FALSE
	EndGlobalSection
	GlobalSection(ExtensibilityGlobals) = postSolution
		SolutionGuid = {F955139B-7958-40AB-9050-2699D2A7F240}
	EndGlobalSection
EndGlobal
